
Microsoft Visual Studio Solution File, Format Version 12.00
# Visual Studio 14
VisualStudioVersion = 14.0.25420.1
MinimumVisualStudioVersion = 10.0.40219.1
Project("{FAE04EC0-301F-11D3-BF4B-00C04F79EFBC}") = "KevinsMVCLab", "KevinsMVCLab\KevinsMVCLab.csproj", "{115D58B4-5AB7-471A-A2D5-8B90C767ADFF}"
EndProject
Project("{FAE04EC0-301F-11D3-BF4B-00C04F79EFBC}") = "MVCLabData", "MVCLabData\MVCLabData.csproj", "{F14EA6CA-B9E6-42B8-A703-AD7B68B49567}"
EndProject
Project("{FAE04EC0-301F-11D3-BF4B-00C04F79EFBC}") = "MVCLabben2k17", "MVCLabben2k17\MVCLabben2k17.csproj", "{D7F238F4-7770-4ADA-AFFB-149B9B77E4B6}"
EndProject
Global
	GlobalSection(SolutionConfigurationPlatforms) = preSolution
		Debug|Any CPU = Debug|Any CPU
		Release|Any CPU = Release|Any CPU
	EndGlobalSection
	GlobalSection(ProjectConfigurationPlatforms) = postSolution
		{115D58B4-5AB7-471A-A2D5-8B90C767ADFF}.Debug|Any CPU.ActiveCfg = Debug|Any CPU
		{115D58B4-5AB7-471A-A2D5-8B90C767ADFF}.Debug|Any CPU.Build.0 = Debug|Any CPU
		{115D58B4-5AB7-471A-A2D5-8B90C767ADFF}.Release|Any CPU.ActiveCfg = Release|Any CPU
		{115D58B4-5AB7-471A-A2D5-8B90C767ADFF}.Release|Any CPU.Build.0 = Release|Any CPU
		{F14EA6CA-B9E6-42B8-A703-AD7B68B49567}.Debug|Any CPU.ActiveCfg = Debug|Any CPU
		{F14EA6CA-B9E6-42B8-A703-AD7B68B49567}.Debug|Any CPU.Build.0 = Debug|Any CPU
		{F14EA6CA-B9E6-42B8-A703-AD7B68B49567}.Release|Any CPU.ActiveCfg = Release|Any CPU
		{F14EA6CA-B9E6-42B8-A703-AD7B68B49567}.Release|Any CPU.Build.0 = Release|Any CPU
		{D7F238F4-7770-4ADA-AFFB-149B9B77E4B6}.Debug|Any CPU.ActiveCfg = Debug|Any CPU
		{D7F238F4-7770-4ADA-AFFB-149B9B77E4B6}.Debug|Any CPU.Build.0 = Debug|Any CPU
		{D7F238F4-7770-4ADA-AFFB-149B9B77E4B6}.Release|Any CPU.ActiveCfg = Release|Any CPU
		{D7F238F4-7770-4ADA-AFFB-149B9B77E4B6}.Release|Any CPU.Build.0 = Release|Any CPU
	EndGlobalSection
	GlobalSection(SolutionProperties) = preSolution
		HideSolutionNode = FALSE
	EndGlobalSection
EndGlobal
